
Microsoft Visual Studio Solution File, Format Version 12.00
# Visual Studio Version 17
VisualStudioVersion = 17.14.36408.4 d17.14
MinimumVisualStudioVersion = 10.0.40219.1
Project("{FAE04EC0-301F-11D3-BF4B-00C04F79EFBC}") = "Practico3pt2", "Practico3pt2\Practico3pt2.csproj", "{1664D96E-EC32-4C8E-A8E7-16FF3929EAFE}"
EndProject
Global
	GlobalSection(SolutionConfigurationPlatforms) = preSolution
		Debug|Any CPU = Debug|Any CPU
		Release|Any CPU = Release|Any CPU
	EndGlobalSection
	GlobalSection(ProjectConfigurationPlatforms) = postSolution
		{1664D96E-EC32-4C8E-A8E7-16FF3929EAFE}.Debug|Any CPU.ActiveCfg = Debug|Any CPU
		{1664D96E-EC32-4C8E-A8E7-16FF3929EAFE}.Debug|Any CPU.Build.0 = Debug|Any CPU
		{1664D96E-EC32-4C8E-A8E7-16FF3929EAFE}.Release|Any CPU.ActiveCfg = Release|Any CPU
		{1664D96E-EC32-4C8E-A8E7-16FF3929EAFE}.Release|Any CPU.Build.0 = Release|Any CPU
	EndGlobalSection
	GlobalSection(SolutionProperties) = preSolution
		HideSolutionNode = FALSE
	EndGlobalSection
	GlobalSection(ExtensibilityGlobals) = postSolution
		SolutionGuid = {3275BD93-E0A7-4242-845D-CD796DFC1971}
	EndGlobalSection
EndGlobal
